
Microsoft Visual Studio Solution File, Format Version 12.00
# Visual Studio 15
VisualStudioVersion = 15.0.27130.2027
MinimumVisualStudioVersion = 10.0.40219.1
Project("{FAE04EC0-301F-11D3-BF4B-00C04F79EFBC}") = "Compiler", "Compiler\Compiler.csproj", "{377EDCBE-5C17-4247-AA60-93051CDA3A04}"
EndProject
Global
	GlobalSection(SolutionConfigurationPlatforms) = preSolution
		Debug|Any CPU = Debug|Any CPU
		Release|Any CPU = Release|Any CPU
	EndGlobalSection
	GlobalSection(ProjectConfigurationPlatforms) = postSolution
		{377EDCBE-5C17-4247-AA60-93051CDA3A04}.Debug|Any CPU.ActiveCfg = Debug|Any CPU
		{377EDCBE-5C17-4247-AA60-93051CDA3A04}.Debug|Any CPU.Build.0 = Debug|Any CPU
		{377EDCBE-5C17-4247-AA60-93051CDA3A04}.Release|Any CPU.ActiveCfg = Release|Any CPU
		{377EDCBE-5C17-4247-AA60-93051CDA3A04}.Release|Any CPU.Build.0 = Release|Any CPU
	EndGlobalSection
	GlobalSection(SolutionProperties) = preSolution
		HideSolutionNode = FALSE
	EndGlobalSection
	GlobalSection(ExtensibilityGlobals) = postSolution
		SolutionGuid = {3EBB9D93-1008-418A-8E80-25E2AE1D1CFB}
	EndGlobalSection
EndGlobal
